
Microsoft Visual Studio Solution File, Format Version 12.00
# Visual Studio 15
VisualStudioVersion = 15.0.27703.2035
MinimumVisualStudioVersion = 10.0.40219.1
Project("{FAE04EC0-301F-11D3-BF4B-00C04F79EFBC}") = "WpfAudioPlayer", "WpfAudioPlayer\WpfAudioPlayer.csproj", "{55F545A8-C837-496E-B0FF-0A332215D8BD}"
EndProject
Global
	GlobalSection(SolutionConfigurationPlatforms) = preSolution
		Debug|Any CPU = Debug|Any CPU
		Release|Any CPU = Release|Any CPU
	EndGlobalSection
	GlobalSection(ProjectConfigurationPlatforms) = postSolution
		{55F545A8-C837-496E-B0FF-0A332215D8BD}.Debug|Any CPU.ActiveCfg = Debug|Any CPU
		{55F545A8-C837-496E-B0FF-0A332215D8BD}.Debug|Any CPU.Build.0 = Debug|Any CPU
		{55F545A8-C837-496E-B0FF-0A332215D8BD}.Release|Any CPU.ActiveCfg = Release|Any CPU
		{55F545A8-C837-496E-B0FF-0A332215D8BD}.Release|Any CPU.Build.0 = Release|Any CPU
	EndGlobalSection
	GlobalSection(SolutionProperties) = preSolution
		HideSolutionNode = FALSE
	EndGlobalSection
	GlobalSection(ExtensibilityGlobals) = postSolution
		SolutionGuid = {BFDD3E58-4C74-4ED0-8F93-9855F4F358A3}
	EndGlobalSection
EndGlobal
